
Microsoft Visual Studio Solution File, Format Version 11.00
# Visual Studio 2010
Project("{8BC9CEB8-8B4A-11D0-8D11-00A0C91BC942}") = "Dedup", "Dedup\Dedup.vcxproj", "{5AD01F49-B146-4E0B-B9E1-6E1D2EFF24FA}"
EndProject
Global
	GlobalSection(SubversionScc) = preSolution
		Svn-Managed = True
		Manager = AnkhSVN - Subversion Support for Visual Studio
	EndGlobalSection
	GlobalSection(SolutionConfigurationPlatforms) = preSolution
		Debug|Win32 = Debug|Win32
		Release|Win32 = Release|Win32
	EndGlobalSection
	GlobalSection(ProjectConfigurationPlatforms) = postSolution
		{5AD01F49-B146-4E0B-B9E1-6E1D2EFF24FA}.Debug|Win32.ActiveCfg = Debug|Win32
		{5AD01F49-B146-4E0B-B9E1-6E1D2EFF24FA}.Debug|Win32.Build.0 = Debug|Win32
		{5AD01F49-B146-4E0B-B9E1-6E1D2EFF24FA}.Release|Win32.ActiveCfg = Release|Win32
		{5AD01F49-B146-4E0B-B9E1-6E1D2EFF24FA}.Release|Win32.Build.0 = Release|Win32
	EndGlobalSection
	GlobalSection(SolutionProperties) = preSolution
		HideSolutionNode = FALSE
	EndGlobalSection
EndGlobal
